
Microsoft Visual Studio Solution File, Format Version 12.00
# Visual Studio 15
VisualStudioVersion = 15.0.28010.2003
MinimumVisualStudioVersion = 10.0.40219.1
Project("{FAE04EC0-301F-11D3-BF4B-00C04F79EFBC}") = "Collections_GenericCollections", "Collections_GenericCollections\Collections_GenericCollections.csproj", "{4B5BB056-9CEF-4247-8275-F1BF121A4A58}"
EndProject
Global
	GlobalSection(SolutionConfigurationPlatforms) = preSolution
		Debug|Any CPU = Debug|Any CPU
		Release|Any CPU = Release|Any CPU
	EndGlobalSection
	GlobalSection(ProjectConfigurationPlatforms) = postSolution
		{4B5BB056-9CEF-4247-8275-F1BF121A4A58}.Debug|Any CPU.ActiveCfg = Debug|Any CPU
		{4B5BB056-9CEF-4247-8275-F1BF121A4A58}.Debug|Any CPU.Build.0 = Debug|Any CPU
		{4B5BB056-9CEF-4247-8275-F1BF121A4A58}.Release|Any CPU.ActiveCfg = Release|Any CPU
		{4B5BB056-9CEF-4247-8275-F1BF121A4A58}.Release|Any CPU.Build.0 = Release|Any CPU
	EndGlobalSection
	GlobalSection(SolutionProperties) = preSolution
		HideSolutionNode = FALSE
	EndGlobalSection
	GlobalSection(ExtensibilityGlobals) = postSolution
		SolutionGuid = {0A5C09D3-337F-47CC-8541-03D2ED510F8F}
	EndGlobalSection
EndGlobal
